
Microsoft Visual Studio Solution File, Format Version 12.00
# Visual Studio Version 16
VisualStudioVersion = 16.0.30711.63
MinimumVisualStudioVersion = 10.0.40219.1
Project("{FAE04EC0-301F-11D3-BF4B-00C04F79EFBC}") = "OlfactoryThresholdTest", "OlfactoryThresholdTest\OlfactoryThresholdTest.csproj", "{207BEC9D-0F35-42F6-B214-7A04046628BB}"
EndProject
Global
	GlobalSection(SolutionConfigurationPlatforms) = preSolution
		Debug|Any CPU = Debug|Any CPU
		Release|Any CPU = Release|Any CPU
	EndGlobalSection
	GlobalSection(ProjectConfigurationPlatforms) = postSolution
		{207BEC9D-0F35-42F6-B214-7A04046628BB}.Debug|Any CPU.ActiveCfg = Debug|Any CPU
		{207BEC9D-0F35-42F6-B214-7A04046628BB}.Debug|Any CPU.Build.0 = Debug|Any CPU
		{207BEC9D-0F35-42F6-B214-7A04046628BB}.Release|Any CPU.ActiveCfg = Release|Any CPU
		{207BEC9D-0F35-42F6-B214-7A04046628BB}.Release|Any CPU.Build.0 = Release|Any CPU
	EndGlobalSection
	GlobalSection(SolutionProperties) = preSolution
		HideSolutionNode = FALSE
	EndGlobalSection
	GlobalSection(ExtensibilityGlobals) = postSolution
		SolutionGuid = {05478D0B-BD88-415F-B1E5-2870EA8DBBDE}
	EndGlobalSection
EndGlobal
